
Microsoft Visual Studio Solution File, Format Version 12.00
# Visual Studio 15
VisualStudioVersion = 15.0.26430.6
MinimumVisualStudioVersion = 10.0.40219.1
Project("{FAE04EC0-301F-11D3-BF4B-00C04F79EFBC}") = "WebAppFunction", "WebAppFunction\WebAppFunction.csproj", "{0C5BA93A-147A-4FFE-BAE5-B5C0FF8545C7}"
EndProject
Project("{FAE04EC0-301F-11D3-BF4B-00C04F79EFBC}") = "BingLocationFunctionLibrary", "BingLocationFunctionLibrary\BingLocationFunctionLibrary.csproj", "{EC0D2015-14CD-4039-B7DD-B9CD4E40AF32}"
EndProject
Global
	GlobalSection(SolutionConfigurationPlatforms) = preSolution
		Debug|Any CPU = Debug|Any CPU
		Release|Any CPU = Release|Any CPU
	EndGlobalSection
	GlobalSection(ProjectConfigurationPlatforms) = postSolution
		{0C5BA93A-147A-4FFE-BAE5-B5C0FF8545C7}.Debug|Any CPU.ActiveCfg = Debug|Any CPU
		{0C5BA93A-147A-4FFE-BAE5-B5C0FF8545C7}.Debug|Any CPU.Build.0 = Debug|Any CPU
		{0C5BA93A-147A-4FFE-BAE5-B5C0FF8545C7}.Release|Any CPU.ActiveCfg = Release|Any CPU
		{0C5BA93A-147A-4FFE-BAE5-B5C0FF8545C7}.Release|Any CPU.Build.0 = Release|Any CPU
		{EC0D2015-14CD-4039-B7DD-B9CD4E40AF32}.Debug|Any CPU.ActiveCfg = Debug|Any CPU
		{EC0D2015-14CD-4039-B7DD-B9CD4E40AF32}.Debug|Any CPU.Build.0 = Debug|Any CPU
		{EC0D2015-14CD-4039-B7DD-B9CD4E40AF32}.Release|Any CPU.ActiveCfg = Release|Any CPU
		{EC0D2015-14CD-4039-B7DD-B9CD4E40AF32}.Release|Any CPU.Build.0 = Release|Any CPU
	EndGlobalSection
	GlobalSection(SolutionProperties) = preSolution
		HideSolutionNode = FALSE
	EndGlobalSection
EndGlobal
